
Microsoft Visual Studio Solution File, Format Version 11.00
# Visual Studio 2010
Project("{FAE04EC0-301F-11D3-BF4B-00C04F79EFBC}") = "Assembly-CSharp", "Assembly-CSharp.csproj", "{a2b774c1-c222-ec66-5527-cc4ddf9b0ef6}"
EndProject
Project("{FAE04EC0-301F-11D3-BF4B-00C04F79EFBC}") = "Assembly-CSharp-Editor", "Assembly-CSharp-Editor.csproj", "{348fe642-2539-cc87-9788-8824e817a5f7}"
EndProject
Global
	GlobalSection(SolutionConfigurationPlatforms) = preSolution
		Debug|Any CPU = Debug|Any CPU
	EndGlobalSection
	GlobalSection(ProjectConfigurationPlatforms) = postSolution
		{a2b774c1-c222-ec66-5527-cc4ddf9b0ef6}.Debug|Any CPU.ActiveCfg = Debug|Any CPU
		{a2b774c1-c222-ec66-5527-cc4ddf9b0ef6}.Debug|Any CPU.Build.0 = Debug|Any CPU
		{348fe642-2539-cc87-9788-8824e817a5f7}.Debug|Any CPU.ActiveCfg = Debug|Any CPU
		{348fe642-2539-cc87-9788-8824e817a5f7}.Debug|Any CPU.Build.0 = Debug|Any CPU
	EndGlobalSection
	GlobalSection(SolutionProperties) = preSolution
		HideSolutionNode = FALSE
	EndGlobalSection
EndGlobal
